
Microsoft Visual Studio Solution File, Format Version 12.00
# Visual Studio Version 17
VisualStudioVersion = 17.0.31903.59
MinimumVisualStudioVersion = 10.0.40219.1
Project("{FAE04EC0-301F-11D3-BF4B-00C04F79EFBC}") = "ConsoleApp1", "ConsoleApp1\ConsoleApp1.csproj", "{08D98FAC-F763-4C1C-BDC9-85137873A9BC}"
EndProject
Project("{FAE04EC0-301F-11D3-BF4B-00C04F79EFBC}") = "ProjetoPOO.Modelos", "ProjetoPOO.Modelos\ProjetoPOO.Modelos.csproj", "{3DEF68BD-1B48-4C0B-AA9A-5003D8A5799E}"
EndProject
Project("{FAE04EC0-301F-11D3-BF4B-00C04F79EFBC}") = "ProjetoPOO.Data", "ProjetoPOO.Data\ProjetoPOO.Data.csproj", "{27AF111E-E9C5-496E-9716-0766B1A75711}"
EndProject
Project("{FAE04EC0-301F-11D3-BF4B-00C04F79EFBC}") = "ProjetoPOO.App", "ProjetoPOO.App\ProjetoPOO.App.csproj", "{3686FB6D-2BB0-4C96-9272-B7307A594D38}"
EndProject
Project("{FAE04EC0-301F-11D3-BF4B-00C04F79EFBC}") = "ProjetoPOO.Controllers", "ProjetoPOO.Controllers\ProjetoPOO.Controllers.csproj", "{2740793F-3C3B-4556-AC4D-88F013E501CF}"
EndProject
Project("{FAE04EC0-301F-11D3-BF4B-00C04F79EFBC}") = "ProjetoPOO.Menus", "ProjetoPOO.Menus\ProjetoPOO.Menus.csproj", "{2FE79A9A-4401-49D7-B7E3-29D00DD5FB15}"
EndProject
Project("{FAE04EC0-301F-11D3-BF4B-00C04F79EFBC}") = "ProjetoPOO.Repository", "ProjetoPOO.Repository\ProjetoPOO.Repository.csproj", "{58BDFCD6-7E16-4DC0-85E8-16915EBD0396}"
EndProject
Global
	GlobalSection(SolutionConfigurationPlatforms) = preSolution
		Debug|Any CPU = Debug|Any CPU
		Debug|x64 = Debug|x64
		Debug|x86 = Debug|x86
		Release|Any CPU = Release|Any CPU
		Release|x64 = Release|x64
		Release|x86 = Release|x86
	EndGlobalSection
	GlobalSection(ProjectConfigurationPlatforms) = postSolution
		{08D98FAC-F763-4C1C-BDC9-85137873A9BC}.Debug|Any CPU.ActiveCfg = Debug|Any CPU
		{08D98FAC-F763-4C1C-BDC9-85137873A9BC}.Debug|Any CPU.Build.0 = Debug|Any CPU
		{08D98FAC-F763-4C1C-BDC9-85137873A9BC}.Debug|x64.ActiveCfg = Debug|Any CPU
		{08D98FAC-F763-4C1C-BDC9-85137873A9BC}.Debug|x64.Build.0 = Debug|Any CPU
		{08D98FAC-F763-4C1C-BDC9-85137873A9BC}.Debug|x86.ActiveCfg = Debug|Any CPU
		{08D98FAC-F763-4C1C-BDC9-85137873A9BC}.Debug|x86.Build.0 = Debug|Any CPU
		{08D98FAC-F763-4C1C-BDC9-85137873A9BC}.Release|Any CPU.ActiveCfg = Release|Any CPU
		{08D98FAC-F763-4C1C-BDC9-85137873A9BC}.Release|Any CPU.Build.0 = Release|Any CPU
		{08D98FAC-F763-4C1C-BDC9-85137873A9BC}.Release|x64.ActiveCfg = Release|Any CPU
		{08D98FAC-F763-4C1C-BDC9-85137873A9BC}.Release|x64.Build.0 = Release|Any CPU
		{08D98FAC-F763-4C1C-BDC9-85137873A9BC}.Release|x86.ActiveCfg = Release|Any CPU
		{08D98FAC-F763-4C1C-BDC9-85137873A9BC}.Release|x86.Build.0 = Release|Any CPU
		{3DEF68BD-1B48-4C0B-AA9A-5003D8A5799E}.Debug|Any CPU.ActiveCfg = Debug|Any CPU
		{3DEF68BD-1B48-4C0B-AA9A-5003D8A5799E}.Debug|Any CPU.Build.0 = Debug|Any CPU
		{3DEF68BD-1B48-4C0B-AA9A-5003D8A5799E}.Debug|x64.ActiveCfg = Debug|Any CPU
		{3DEF68BD-1B48-4C0B-AA9A-5003D8A5799E}.Debug|x64.Build.0 = Debug|Any CPU
		{3DEF68BD-1B48-4C0B-AA9A-5003D8A5799E}.Debug|x86.ActiveCfg = Debug|Any CPU
		{3DEF68BD-1B48-4C0B-AA9A-5003D8A5799E}.Debug|x86.Build.0 = Debug|Any CPU
		{3DEF68BD-1B48-4C0B-AA9A-5003D8A5799E}.Release|Any CPU.ActiveCfg = Release|Any CPU
		{3DEF68BD-1B48-4C0B-AA9A-5003D8A5799E}.Release|Any CPU.Build.0 = Release|Any CPU
		{3DEF68BD-1B48-4C0B-AA9A-5003D8A5799E}.Release|x64.ActiveCfg = Release|Any CPU
		{3DEF68BD-1B48-4C0B-AA9A-5003D8A5799E}.Release|x64.Build.0 = Release|Any CPU
		{3DEF68BD-1B48-4C0B-AA9A-5003D8A5799E}.Release|x86.ActiveCfg = Release|Any CPU
		{3DEF68BD-1B48-4C0B-AA9A-5003D8A5799E}.Release|x86.Build.0 = Release|Any CPU
		{27AF111E-E9C5-496E-9716-0766B1A75711}.Debug|Any CPU.ActiveCfg = Debug|Any CPU
		{27AF111E-E9C5-496E-9716-0766B1A75711}.Debug|Any CPU.Build.0 = Debug|Any CPU
		{27AF111E-E9C5-496E-9716-0766B1A75711}.Debug|x64.ActiveCfg = Debug|Any CPU
		{27AF111E-E9C5-496E-9716-0766B1A75711}.Debug|x64.Build.0 = Debug|Any CPU
		{27AF111E-E9C5-496E-9716-0766B1A75711}.Debug|x86.ActiveCfg = Debug|Any CPU
		{27AF111E-E9C5-496E-9716-0766B1A75711}.Debug|x86.Build.0 = Debug|Any CPU
		{27AF111E-E9C5-496E-9716-0766B1A75711}.Release|Any CPU.ActiveCfg = Release|Any CPU
		{27AF111E-E9C5-496E-9716-0766B1A75711}.Release|Any CPU.Build.0 = Release|Any CPU
		{27AF111E-E9C5-496E-9716-0766B1A75711}.Release|x64.ActiveCfg = Release|Any CPU
		{27AF111E-E9C5-496E-9716-0766B1A75711}.Release|x64.Build.0 = Release|Any CPU
		{27AF111E-E9C5-496E-9716-0766B1A75711}.Release|x86.ActiveCfg = Release|Any CPU
		{27AF111E-E9C5-496E-9716-0766B1A75711}.Release|x86.Build.0 = Release|Any CPU
		{3686FB6D-2BB0-4C96-9272-B7307A594D38}.Debug|Any CPU.ActiveCfg = Debug|Any CPU
		{3686FB6D-2BB0-4C96-9272-B7307A594D38}.Debug|Any CPU.Build.0 = Debug|Any CPU
		{3686FB6D-2BB0-4C96-9272-B7307A594D38}.Debug|x64.ActiveCfg = Debug|Any CPU
		{3686FB6D-2BB0-4C96-9272-B7307A594D38}.Debug|x64.Build.0 = Debug|Any CPU
		{3686FB6D-2BB0-4C96-9272-B7307A594D38}.Debug|x86.ActiveCfg = Debug|Any CPU
		{3686FB6D-2BB0-4C96-9272-B7307A594D38}.Debug|x86.Build.0 = Debug|Any CPU
		{3686FB6D-2BB0-4C96-9272-B7307A594D38}.Release|Any CPU.ActiveCfg = Release|Any CPU
		{3686FB6D-2BB0-4C96-9272-B7307A594D38}.Release|Any CPU.Build.0 = Release|Any CPU
		{3686FB6D-2BB0-4C96-9272-B7307A594D38}.Release|x64.ActiveCfg = Release|Any CPU
		{3686FB6D-2BB0-4C96-9272-B7307A594D38}.Release|x64.Build.0 = Release|Any CPU
		{3686FB6D-2BB0-4C96-9272-B7307A594D38}.Release|x86.ActiveCfg = Release|Any CPU
		{3686FB6D-2BB0-4C96-9272-B7307A594D38}.Release|x86.Build.0 = Release|Any CPU
		{2740793F-3C3B-4556-AC4D-88F013E501CF}.Debug|Any CPU.ActiveCfg = Debug|Any CPU
		{2740793F-3C3B-4556-AC4D-88F013E501CF}.Debug|Any CPU.Build.0 = Debug|Any CPU
		{2740793F-3C3B-4556-AC4D-88F013E501CF}.Debug|x64.ActiveCfg = Debug|Any CPU
		{2740793F-3C3B-4556-AC4D-88F013E501CF}.Debug|x64.Build.0 = Debug|Any CPU
		{2740793F-3C3B-4556-AC4D-88F013E501CF}.Debug|x86.ActiveCfg = Debug|Any CPU
		{2740793F-3C3B-4556-AC4D-88F013E501CF}.Debug|x86.Build.0 = Debug|Any CPU
		{2740793F-3C3B-4556-AC4D-88F013E501CF}.Release|Any CPU.ActiveCfg = Release|Any CPU
		{2740793F-3C3B-4556-AC4D-88F013E501CF}.Release|Any CPU.Build.0 = Release|Any CPU
		{2740793F-3C3B-4556-AC4D-88F013E501CF}.Release|x64.ActiveCfg = Release|Any CPU
		{2740793F-3C3B-4556-AC4D-88F013E501CF}.Release|x64.Build.0 = Release|Any CPU
		{2740793F-3C3B-4556-AC4D-88F013E501CF}.Release|x86.ActiveCfg = Release|Any CPU
		{2740793F-3C3B-4556-AC4D-88F013E501CF}.Release|x86.Build.0 = Release|Any CPU
		{2FE79A9A-4401-49D7-B7E3-29D00DD5FB15}.Debug|Any CPU.ActiveCfg = Debug|Any CPU
		{2FE79A9A-4401-49D7-B7E3-29D00DD5FB15}.Debug|Any CPU.Build.0 = Debug|Any CPU
		{2FE79A9A-4401-49D7-B7E3-29D00DD5FB15}.Debug|x64.ActiveCfg = Debug|Any CPU
		{2FE79A9A-4401-49D7-B7E3-29D00DD5FB15}.Debug|x64.Build.0 = Debug|Any CPU
		{2FE79A9A-4401-49D7-B7E3-29D00DD5FB15}.Debug|x86.ActiveCfg = Debug|Any CPU
		{2FE79A9A-4401-49D7-B7E3-29D00DD5FB15}.Debug|x86.Build.0 = Debug|Any CPU
		{2FE79A9A-4401-49D7-B7E3-29D00DD5FB15}.Release|Any CPU.ActiveCfg = Release|Any CPU
		{2FE79A9A-4401-49D7-B7E3-29D00DD5FB15}.Release|Any CPU.Build.0 = Release|Any CPU
		{2FE79A9A-4401-49D7-B7E3-29D00DD5FB15}.Release|x64.ActiveCfg = Release|Any CPU
		{2FE79A9A-4401-49D7-B7E3-29D00DD5FB15}.Release|x64.Build.0 = Release|Any CPU
		{2FE79A9A-4401-49D7-B7E3-29D00DD5FB15}.Release|x86.ActiveCfg = Release|Any CPU
		{2FE79A9A-4401-49D7-B7E3-29D00DD5FB15}.Release|x86.Build.0 = Release|Any CPU
		{58BDFCD6-7E16-4DC0-85E8-16915EBD0396}.Debug|Any CPU.ActiveCfg = Debug|Any CPU
		{58BDFCD6-7E16-4DC0-85E8-16915EBD0396}.Debug|Any CPU.Build.0 = Debug|Any CPU
		{58BDFCD6-7E16-4DC0-85E8-16915EBD0396}.Debug|x64.ActiveCfg = Debug|Any CPU
		{58BDFCD6-7E16-4DC0-85E8-16915EBD0396}.Debug|x64.Build.0 = Debug|Any CPU
		{58BDFCD6-7E16-4DC0-85E8-16915EBD0396}.Debug|x86.ActiveCfg = Debug|Any CPU
		{58BDFCD6-7E16-4DC0-85E8-16915EBD0396}.Debug|x86.Build.0 = Debug|Any CPU
		{58BDFCD6-7E16-4DC0-85E8-16915EBD0396}.Release|Any CPU.ActiveCfg = Release|Any CPU
		{58BDFCD6-7E16-4DC0-85E8-16915EBD0396}.Release|Any CPU.Build.0 = Release|Any CPU
		{58BDFCD6-7E16-4DC0-85E8-16915EBD0396}.Release|x64.ActiveCfg = Release|Any CPU
		{58BDFCD6-7E16-4DC0-85E8-16915EBD0396}.Release|x64.Build.0 = Release|Any CPU
		{58BDFCD6-7E16-4DC0-85E8-16915EBD0396}.Release|x86.ActiveCfg = Release|Any CPU
		{58BDFCD6-7E16-4DC0-85E8-16915EBD0396}.Release|x86.Build.0 = Release|Any CPU
	EndGlobalSection
	GlobalSection(SolutionProperties) = preSolution
		HideSolutionNode = FALSE
	EndGlobalSection
EndGlobal
